
Microsoft Visual Studio Solution File, Format Version 12.00
# Visual Studio Version 17
VisualStudioVersion = 17.7.34031.279
MinimumVisualStudioVersion = 10.0.40219.1
Project("{8BC9CEB8-8B4A-11D0-8D11-00A0C91BC942}") = "实验三3.1", "实验三3.1.vcxproj", "{79EC5B1E-CE44-479B-B6AB-4635ABC8A0D2}"
EndProject
Global
	GlobalSection(SolutionConfigurationPlatforms) = preSolution
		Debug|x64 = Debug|x64
		Debug|x86 = Debug|x86
		Release|x64 = Release|x64
		Release|x86 = Release|x86
	EndGlobalSection
	GlobalSection(ProjectConfigurationPlatforms) = postSolution
		{79EC5B1E-CE44-479B-B6AB-4635ABC8A0D2}.Debug|x64.ActiveCfg = Debug|x64
		{79EC5B1E-CE44-479B-B6AB-4635ABC8A0D2}.Debug|x64.Build.0 = Debug|x64
		{79EC5B1E-CE44-479B-B6AB-4635ABC8A0D2}.Debug|x86.ActiveCfg = Debug|Win32
		{79EC5B1E-CE44-479B-B6AB-4635ABC8A0D2}.Debug|x86.Build.0 = Debug|Win32
		{79EC5B1E-CE44-479B-B6AB-4635ABC8A0D2}.Release|x64.ActiveCfg = Release|x64
		{79EC5B1E-CE44-479B-B6AB-4635ABC8A0D2}.Release|x64.Build.0 = Release|x64
		{79EC5B1E-CE44-479B-B6AB-4635ABC8A0D2}.Release|x86.ActiveCfg = Release|Win32
		{79EC5B1E-CE44-479B-B6AB-4635ABC8A0D2}.Release|x86.Build.0 = Release|Win32
	EndGlobalSection
	GlobalSection(SolutionProperties) = preSolution
		HideSolutionNode = FALSE
	EndGlobalSection
	GlobalSection(ExtensibilityGlobals) = postSolution
		SolutionGuid = {F0714222-0AB0-4659-86E5-BA5A58E09EB7}
	EndGlobalSection
EndGlobal
